// !$*UTF8*$!
{
	archiveVersion = 1;
	classes = {
	};
	objectVersion = 77;
	objects = {

/* Begin PBXBuildFile section */
		08F2B45CA8EFD9F17870BC98 /* ConsoleView.swift in Sources */ = {isa = PBXBuildFile; fileRef = 833646D9558C3A46E65734BA /* ConsoleView.swift */; };
		0E79052390CF17AD9F49C098 /* InstalledListView.swift in Sources */ = {isa = PBXBuildFile; fileRef = 64EC84129F800151C641CF65 /* InstalledListView.swift */; };
		111083731762891F4CBE61CB /* BrewPackage.swift in Sources */ = {isa = PBXBuildFile; fileRef = 52E00817C58F1894743F7457 /* BrewPackage.swift */; };
		16241970A2061C114A899AC1 /* AppState.swift in Sources */ = {isa = PBXBuildFile; fileRef = 076800E1FB5750216D1A8DAF /* AppState.swift */; };
		3230E86FAA863D041E311B68 /* BarkeepApp.swift in Sources */ = {isa = PBXBuildFile; fileRef = 323079A45F04FAB3BF147CEA /* BarkeepApp.swift */; };
		32A2BC67E0B737F5DF997527 /* ActionPanelView.swift in Sources */ = {isa = PBXBuildFile; fileRef = 4A5401537BB31A8BE2B168D9 /* ActionPanelView.swift */; };
		5096AED61DD9B180B69000C5 /* BrewfilePickerView.swift in Sources */ = {isa = PBXBuildFile; fileRef = 5BBFAF6524FF818F342A190D /* BrewfilePickerView.swift */; };
		5240236D547818EFE4C33927 /* RootContentView.swift in Sources */ = {isa = PBXBuildFile; fileRef = 0764E78129A603E82C68CC96 /* RootContentView.swift */; };
		74544E787FE740FDD40A3E36 /* ProcessingLog.swift in Sources */ = {isa = PBXBuildFile; fileRef = 931256894C98A3CBEA8C9F0F /* ProcessingLog.swift */; };
		7C2B7BEC58E60A5D41476D56 /* PackageRowView.swift in Sources */ = {isa = PBXBuildFile; fileRef = 4EB814FB64C5EFEA1F4BED85 /* PackageRowView.swift */; };
		7D23AF79A528A13F538861EC /* InstalledViewModel.swift in Sources */ = {isa = PBXBuildFile; fileRef = 785D7B9CE182339A802885A4 /* InstalledViewModel.swift */; };
		B3744A81C87FEC15964DDD3B /* EmptyStateView.swift in Sources */ = {isa = PBXBuildFile; fileRef = 355D2976517975C5C3DFB5F4 /* EmptyStateView.swift */; };
		C4656E342AE6533608EC7CA1 /* HelpView.swift in Sources */ = {isa = PBXBuildFile; fileRef = F82D09D0DD9B0F504FFB30A0 /* HelpView.swift */; };
		CAB052BE87B0ED51C5ABAD30 /* PackageDetailView.swift in Sources */ = {isa = PBXBuildFile; fileRef = BEE6AE3145AE914E677A2790 /* PackageDetailView.swift */; };
		D78358354ADF21B92394F84E /* BrewRunner.swift in Sources */ = {isa = PBXBuildFile; fileRef = 85BDDD39E42E960B6477CCE2 /* BrewRunner.swift */; };
		E60AD4556CCCB9B259511E74 /* BrewfileListView.swift in Sources */ = {isa = PBXBuildFile; fileRef = 11BA47C5F82AE0F34D764EE1 /* BrewfileListView.swift */; };
		EB2358577C5272B402A43C1F /* BrewfileEntry.swift in Sources */ = {isa = PBXBuildFile; fileRef = BB6481A2E615EF61078E7A9D /* BrewfileEntry.swift */; };
		F2069600C7982A1AD7D7084B /* BrewfileViewModel.swift in Sources */ = {isa = PBXBuildFile; fileRef = 7438683DB48E09178234F9D8 /* BrewfileViewModel.swift */; };
		F4C2F27C403B7AB90BDB5AF0 /* BrewfileParser.swift in Sources */ = {isa = PBXBuildFile; fileRef = A853DBC4A3DD73EF8283177D /* BrewfileParser.swift */; };
/* End PBXBuildFile section */

/* Begin PBXFileReference section */
		0764E78129A603E82C68CC96 /* RootContentView.swift */ = {isa = PBXFileReference; lastKnownFileType = sourcecode.swift; path = RootContentView.swift; sourceTree = "<group>"; };
		076800E1FB5750216D1A8DAF /* AppState.swift */ = {isa = PBXFileReference; lastKnownFileType = sourcecode.swift; path = AppState.swift; sourceTree = "<group>"; };
		11BA47C5F82AE0F34D764EE1 /* BrewfileListView.swift */ = {isa = PBXFileReference; lastKnownFileType = sourcecode.swift; path = BrewfileListView.swift; sourceTree = "<group>"; };
		323079A45F04FAB3BF147CEA /* BarkeepApp.swift */ = {isa = PBXFileReference; lastKnownFileType = sourcecode.swift; path = BarkeepApp.swift; sourceTree = "<group>"; };
		355D2976517975C5C3DFB5F4 /* EmptyStateView.swift */ = {isa = PBXFileReference; lastKnownFileType = sourcecode.swift; path = EmptyStateView.swift; sourceTree = "<group>"; };
		4A5401537BB31A8BE2B168D9 /* ActionPanelView.swift */ = {isa = PBXFileReference; lastKnownFileType = sourcecode.swift; path = ActionPanelView.swift; sourceTree = "<group>"; };
		4EB814FB64C5EFEA1F4BED85 /* PackageRowView.swift */ = {isa = PBXFileReference; lastKnownFileType = sourcecode.swift; path = PackageRowView.swift; sourceTree = "<group>"; };
		52E00817C58F1894743F7457 /* BrewPackage.swift */ = {isa = PBXFileReference; lastKnownFileType = sourcecode.swift; path = BrewPackage.swift; sourceTree = "<group>"; };
		5BBFAF6524FF818F342A190D /* BrewfilePickerView.swift */ = {isa = PBXFileReference; lastKnownFileType = sourcecode.swift; path = BrewfilePickerView.swift; sourceTree = "<group>"; };
		601F0503F3366DE44BF30B40 /* Barkeep.app */ = {isa = PBXFileReference; explicitFileType = wrapper.application; includeInIndex = 0; path = Barkeep.app; sourceTree = BUILT_PRODUCTS_DIR; };
		64EC84129F800151C641CF65 /* InstalledListView.swift */ = {isa = PBXFileReference; lastKnownFileType = sourcecode.swift; path = InstalledListView.swift; sourceTree = "<group>"; };
		7438683DB48E09178234F9D8 /* BrewfileViewModel.swift */ = {isa = PBXFileReference; lastKnownFileType = sourcecode.swift; path = BrewfileViewModel.swift; sourceTree = "<group>"; };
		785D7B9CE182339A802885A4 /* InstalledViewModel.swift */ = {isa = PBXFileReference; lastKnownFileType = sourcecode.swift; path = InstalledViewModel.swift; sourceTree = "<group>"; };
		833646D9558C3A46E65734BA /* ConsoleView.swift */ = {isa = PBXFileReference; lastKnownFileType = sourcecode.swift; path = ConsoleView.swift; sourceTree = "<group>"; };
		85BDDD39E42E960B6477CCE2 /* BrewRunner.swift */ = {isa = PBXFileReference; lastKnownFileType = sourcecode.swift; path = BrewRunner.swift; sourceTree = "<group>"; };
		931256894C98A3CBEA8C9F0F /* ProcessingLog.swift */ = {isa = PBXFileReference; lastKnownFileType = sourcecode.swift; path = ProcessingLog.swift; sourceTree = "<group>"; };
		A853DBC4A3DD73EF8283177D /* BrewfileParser.swift */ = {isa = PBXFileReference; lastKnownFileType = sourcecode.swift; path = BrewfileParser.swift; sourceTree = "<group>"; };
		BB6481A2E615EF61078E7A9D /* BrewfileEntry.swift */ = {isa = PBXFileReference; lastKnownFileType = sourcecode.swift; path = BrewfileEntry.swift; sourceTree = "<group>"; };
		BEE6AE3145AE914E677A2790 /* PackageDetailView.swift */ = {isa = PBXFileReference; lastKnownFileType = sourcecode.swift; path = PackageDetailView.swift; sourceTree = "<group>"; };
		E05DF1B67A6A210B524DA8CF /* Info.plist */ = {isa = PBXFileReference; lastKnownFileType = text.plist; path = Info.plist; sourceTree = "<group>"; };
		F82D09D0DD9B0F504FFB30A0 /* HelpView.swift */ = {isa = PBXFileReference; lastKnownFileType = sourcecode.swift; path = HelpView.swift; sourceTree = "<group>"; };
/* End PBXFileReference section */

/* Begin PBXGroup section */
		2E22D2C2C15C02FE2FC938AE /* Services */ = {
			isa = PBXGroup;
			children = (
				A853DBC4A3DD73EF8283177D /* BrewfileParser.swift */,
				85BDDD39E42E960B6477CCE2 /* BrewRunner.swift */,
			);
			path = Services;
			sourceTree = "<group>";
		};
		4D21A2D4A3D0F52101EAF078 /* Views */ = {
			isa = PBXGroup;
			children = (
				4A5401537BB31A8BE2B168D9 /* ActionPanelView.swift */,
				11BA47C5F82AE0F34D764EE1 /* BrewfileListView.swift */,
				5BBFAF6524FF818F342A190D /* BrewfilePickerView.swift */,
				833646D9558C3A46E65734BA /* ConsoleView.swift */,
				355D2976517975C5C3DFB5F4 /* EmptyStateView.swift */,
				F82D09D0DD9B0F504FFB30A0 /* HelpView.swift */,
				64EC84129F800151C641CF65 /* InstalledListView.swift */,
				BEE6AE3145AE914E677A2790 /* PackageDetailView.swift */,
				4EB814FB64C5EFEA1F4BED85 /* PackageRowView.swift */,
				0764E78129A603E82C68CC96 /* RootContentView.swift */,
			);
			path = Views;
			sourceTree = "<group>";
		};
		5F1E5F4EEDED756DD80998D4 = {
			isa = PBXGroup;
			children = (
				9EB529F5A1C0142D211F5058 /* Barkeep */,
				965591EC2740ECC6ECE7DA1E /* Products */,
			);
			sourceTree = "<group>";
		};
		5FCB9AF562FA635ED6A2CF9A /* Models */ = {
			isa = PBXGroup;
			children = (
				076800E1FB5750216D1A8DAF /* AppState.swift */,
				BB6481A2E615EF61078E7A9D /* BrewfileEntry.swift */,
				52E00817C58F1894743F7457 /* BrewPackage.swift */,
				931256894C98A3CBEA8C9F0F /* ProcessingLog.swift */,
			);
			path = Models;
			sourceTree = "<group>";
		};
		965591EC2740ECC6ECE7DA1E /* Products */ = {
			isa = PBXGroup;
			children = (
				601F0503F3366DE44BF30B40 /* Barkeep.app */,
			);
			name = Products;
			sourceTree = "<group>";
		};
		9EB529F5A1C0142D211F5058 /* Barkeep */ = {
			isa = PBXGroup;
			children = (
				323079A45F04FAB3BF147CEA /* BarkeepApp.swift */,
				E05DF1B67A6A210B524DA8CF /* Info.plist */,
				5FCB9AF562FA635ED6A2CF9A /* Models */,
				2E22D2C2C15C02FE2FC938AE /* Services */,
				C9C2625B3F4586E15C4C211E /* ViewModels */,
				4D21A2D4A3D0F52101EAF078 /* Views */,
			);
			path = Barkeep;
			sourceTree = "<group>";
		};
		C9C2625B3F4586E15C4C211E /* ViewModels */ = {
			isa = PBXGroup;
			children = (
				7438683DB48E09178234F9D8 /* BrewfileViewModel.swift */,
				785D7B9CE182339A802885A4 /* InstalledViewModel.swift */,
			);
			path = ViewModels;
			sourceTree = "<group>";
		};
/* End PBXGroup section */

/* Begin PBXNativeTarget section */
		21F3BB9573A3D3F6DB4E1D85 /* Barkeep */ = {
			isa = PBXNativeTarget;
			buildConfigurationList = 59EAC6E4096F44E85AD860DF /* Build configuration list for PBXNativeTarget "Barkeep" */;
			buildPhases = (
				49F041AC0796EB945743D8F7 /* Sources */,
			);
			buildRules = (
			);
			dependencies = (
			);
			name = Barkeep;
			packageProductDependencies = (
			);
			productName = Barkeep;
			productReference = 601F0503F3366DE44BF30B40 /* Barkeep.app */;
			productType = "com.apple.product-type.application";
		};
/* End PBXNativeTarget section */

/* Begin PBXProject section */
		D772057D33859D753E2151F6 /* Project object */ = {
			isa = PBXProject;
			attributes = {
				BuildIndependentTargetsInParallel = YES;
				LastUpgradeCheck = 1600;
				TargetAttributes = {
					21F3BB9573A3D3F6DB4E1D85 = {
						ProvisioningStyle = Automatic;
					};
				};
			};
			buildConfigurationList = 6D9C8E3CAD90B306B776B192 /* Build configuration list for PBXProject "Barkeep" */;
			developmentRegion = en;
			hasScannedForEncodings = 0;
			knownRegions = (
				Base,
				en,
			);
			mainGroup = 5F1E5F4EEDED756DD80998D4;
			minimizedProjectReferenceProxies = 1;
			preferredProjectObjectVersion = 77;
			productRefGroup = 965591EC2740ECC6ECE7DA1E /* Products */;
			projectDirPath = "";
			projectRoot = "";
			targets = (
				21F3BB9573A3D3F6DB4E1D85 /* Barkeep */,
			);
		};
/* End PBXProject section */

/* Begin PBXSourcesBuildPhase section */
		49F041AC0796EB945743D8F7 /* Sources */ = {
			isa = PBXSourcesBuildPhase;
			buildActionMask = 2147483647;
			files = (
				32A2BC67E0B737F5DF997527 /* ActionPanelView.swift in Sources */,
				16241970A2061C114A899AC1 /* AppState.swift in Sources */,
				3230E86FAA863D041E311B68 /* BarkeepApp.swift in Sources */,
				111083731762891F4CBE61CB /* BrewPackage.swift in Sources */,
				D78358354ADF21B92394F84E /* BrewRunner.swift in Sources */,
				EB2358577C5272B402A43C1F /* BrewfileEntry.swift in Sources */,
				E60AD4556CCCB9B259511E74 /* BrewfileListView.swift in Sources */,
				F4C2F27C403B7AB90BDB5AF0 /* BrewfileParser.swift in Sources */,
				5096AED61DD9B180B69000C5 /* BrewfilePickerView.swift in Sources */,
				F2069600C7982A1AD7D7084B /* BrewfileViewModel.swift in Sources */,
				08F2B45CA8EFD9F17870BC98 /* ConsoleView.swift in Sources */,
				B3744A81C87FEC15964DDD3B /* EmptyStateView.swift in Sources */,
				C4656E342AE6533608EC7CA1 /* HelpView.swift in Sources */,
				0E79052390CF17AD9F49C098 /* InstalledListView.swift in Sources */,
				7D23AF79A528A13F538861EC /* InstalledViewModel.swift in Sources */,
				CAB052BE87B0ED51C5ABAD30 /* PackageDetailView.swift in Sources */,
				7C2B7BEC58E60A5D41476D56 /* PackageRowView.swift in Sources */,
				74544E787FE740FDD40A3E36 /* ProcessingLog.swift in Sources */,
				5240236D547818EFE4C33927 /* RootContentView.swift in Sources */,
			);
			runOnlyForDeploymentPostprocessing = 0;
		};
/* End PBXSourcesBuildPhase section */

/* Begin XCBuildConfiguration section */
		7AD58FBD12A31A7B75AE1165 /* Release */ = {
			isa = XCBuildConfiguration;
			buildSettings = {
				ASSETCATALOG_COMPILER_APPICON_NAME = AppIcon;
				CODE_SIGN_IDENTITY = "-";
				CODE_SIGN_STYLE = Automatic;
				COMBINE_HIDPI_IMAGES = YES;
				ENABLE_HARDENED_RUNTIME = YES;
				INFOPLIST_FILE = Barkeep/Info.plist;
				INFOPLIST_KEY_CFBundleDisplayName = Barkeep;
				INFOPLIST_KEY_NSHumanReadableDescription = "Homebrew package manager";
				LD_RUNPATH_SEARCH_PATHS = (
					"$(inherited)",
					"@executable_path/../Frameworks",
				);
				MACOSX_DEPLOYMENT_TARGET = 14.0;
				PRODUCT_BUNDLE_IDENTIFIER = io.github.sevmorris.Barkeep;
				SDKROOT = macosx;
			};
			name = Release;
		};
		7CA258E581C9BD4779363B30 /* Debug */ = {
			isa = XCBuildConfiguration;
			buildSettings = {
				ASSETCATALOG_COMPILER_APPICON_NAME = AppIcon;
				CODE_SIGN_IDENTITY = "-";
				CODE_SIGN_STYLE = Automatic;
				COMBINE_HIDPI_IMAGES = YES;
				ENABLE_HARDENED_RUNTIME = YES;
				INFOPLIST_FILE = Barkeep/Info.plist;
				INFOPLIST_KEY_CFBundleDisplayName = Barkeep;
				INFOPLIST_KEY_NSHumanReadableDescription = "Homebrew package manager";
				LD_RUNPATH_SEARCH_PATHS = (
					"$(inherited)",
					"@executable_path/../Frameworks",
				);
				MACOSX_DEPLOYMENT_TARGET = 14.0;
				PRODUCT_BUNDLE_IDENTIFIER = io.github.sevmorris.Barkeep;
				SDKROOT = macosx;
			};
			name = Debug;
		};
		C2433AB6468F1F15A2323CE2 /* Release */ = {
			isa = XCBuildConfiguration;
			buildSettings = {
				ALWAYS_SEARCH_USER_PATHS = NO;
				CLANG_ANALYZER_NONNULL = YES;
				CLANG_ANALYZER_NUMBER_OBJECT_CONVERSION = YES_AGGRESSIVE;
				CLANG_CXX_LANGUAGE_STANDARD = "gnu++14";
				CLANG_CXX_LIBRARY = "libc++";
				CLANG_ENABLE_MODULES = YES;
				CLANG_ENABLE_OBJC_ARC = YES;
				CLANG_ENABLE_OBJC_WEAK = YES;
				CLANG_WARN_BLOCK_CAPTURE_AUTORELEASING = YES;
				CLANG_WARN_BOOL_CONVERSION = YES;
				CLANG_WARN_COMMA = YES;
				CLANG_WARN_CONSTANT_CONVERSION = YES;
				CLANG_WARN_DEPRECATED_OBJC_IMPLEMENTATIONS = YES;
				CLANG_WARN_DIRECT_OBJC_ISA_USAGE = YES_ERROR;
				CLANG_WARN_DOCUMENTATION_COMMENTS = YES;
				CLANG_WARN_EMPTY_BODY = YES;
				CLANG_WARN_ENUM_CONVERSION = YES;
				CLANG_WARN_INFINITE_RECURSION = YES;
				CLANG_WARN_INT_CONVERSION = YES;
				CLANG_WARN_NON_LITERAL_NULL_CONVERSION = YES;
				CLANG_WARN_OBJC_IMPLICIT_RETAIN_SELF = YES;
				CLANG_WARN_OBJC_LITERAL_CONVERSION = YES;
				CLANG_WARN_OBJC_ROOT_CLASS = YES_ERROR;
				CLANG_WARN_QUOTED_INCLUDE_IN_FRAMEWORK_HEADER = YES;
				CLANG_WARN_RANGE_LOOP_ANALYSIS = YES;
				CLANG_WARN_STRICT_PROTOTYPES = YES;
				CLANG_WARN_SUSPICIOUS_MOVE = YES;
				CLANG_WARN_UNGUARDED_AVAILABILITY = YES_AGGRESSIVE;
				CLANG_WARN_UNREACHABLE_CODE = YES;
				CLANG_WARN__DUPLICATE_METHOD_MATCH = YES;
				COPY_PHASE_STRIP = NO;
				DEBUG_INFORMATION_FORMAT = "dwarf-with-dsym";
				ENABLE_NS_ASSERTIONS = NO;
				ENABLE_STRICT_OBJC_MSGSEND = YES;
				GCC_C_LANGUAGE_STANDARD = gnu11;
				GCC_NO_COMMON_BLOCKS = YES;
				GCC_WARN_64_TO_32_BIT_CONVERSION = YES;
				GCC_WARN_ABOUT_RETURN_TYPE = YES_ERROR;
				GCC_WARN_UNDECLARED_SELECTOR = YES;
				GCC_WARN_UNINITIALIZED_AUTOS = YES_AGGRESSIVE;
				GCC_WARN_UNUSED_FUNCTION = YES;
				GCC_WARN_UNUSED_VARIABLE = YES;
				MACOSX_DEPLOYMENT_TARGET = 14.0;
				MTL_ENABLE_DEBUG_INFO = NO;
				MTL_FAST_MATH = YES;
				PRODUCT_NAME = "$(TARGET_NAME)";
				SDKROOT = macosx;
				SWIFT_COMPILATION_MODE = wholemodule;
				SWIFT_OPTIMIZATION_LEVEL = "-O";
				SWIFT_VERSION = 5.0;
			};
			name = Release;
		};
		D921BF31F8DF249A5D273F42 /* Debug */ = {
			isa = XCBuildConfiguration;
			buildSettings = {
				ALWAYS_SEARCH_USER_PATHS = NO;
				CLANG_ANALYZER_NONNULL = YES;
				CLANG_ANALYZER_NUMBER_OBJECT_CONVERSION = YES_AGGRESSIVE;
				CLANG_CXX_LANGUAGE_STANDARD = "gnu++14";
				CLANG_CXX_LIBRARY = "libc++";
				CLANG_ENABLE_MODULES = YES;
				CLANG_ENABLE_OBJC_ARC = YES;
				CLANG_ENABLE_OBJC_WEAK = YES;
				CLANG_WARN_BLOCK_CAPTURE_AUTORELEASING = YES;
				CLANG_WARN_BOOL_CONVERSION = YES;
				CLANG_WARN_COMMA = YES;
				CLANG_WARN_CONSTANT_CONVERSION = YES;
				CLANG_WARN_DEPRECATED_OBJC_IMPLEMENTATIONS = YES;
				CLANG_WARN_DIRECT_OBJC_ISA_USAGE = YES_ERROR;
				CLANG_WARN_DOCUMENTATION_COMMENTS = YES;
				CLANG_WARN_EMPTY_BODY = YES;
				CLANG_WARN_ENUM_CONVERSION = YES;
				CLANG_WARN_INFINITE_RECURSION = YES;
				CLANG_WARN_INT_CONVERSION = YES;
				CLANG_WARN_NON_LITERAL_NULL_CONVERSION = YES;
				CLANG_WARN_OBJC_IMPLICIT_RETAIN_SELF = YES;
				CLANG_WARN_OBJC_LITERAL_CONVERSION = YES;
				CLANG_WARN_OBJC_ROOT_CLASS = YES_ERROR;
				CLANG_WARN_QUOTED_INCLUDE_IN_FRAMEWORK_HEADER = YES;
				CLANG_WARN_RANGE_LOOP_ANALYSIS = YES;
				CLANG_WARN_STRICT_PROTOTYPES = YES;
				CLANG_WARN_SUSPICIOUS_MOVE = YES;
				CLANG_WARN_UNGUARDED_AVAILABILITY = YES_AGGRESSIVE;
				CLANG_WARN_UNREACHABLE_CODE = YES;
				CLANG_WARN__DUPLICATE_METHOD_MATCH = YES;
				COPY_PHASE_STRIP = NO;
				DEBUG_INFORMATION_FORMAT = dwarf;
				ENABLE_STRICT_OBJC_MSGSEND = YES;
				ENABLE_TESTABILITY = YES;
				GCC_C_LANGUAGE_STANDARD = gnu11;
				GCC_DYNAMIC_NO_PIC = NO;
				GCC_NO_COMMON_BLOCKS = YES;
				GCC_OPTIMIZATION_LEVEL = 0;
				GCC_PREPROCESSOR_DEFINITIONS = (
					"$(inherited)",
					"DEBUG=1",
				);
				GCC_WARN_64_TO_32_BIT_CONVERSION = YES;
				GCC_WARN_ABOUT_RETURN_TYPE = YES_ERROR;
				GCC_WARN_UNDECLARED_SELECTOR = YES;
				GCC_WARN_UNINITIALIZED_AUTOS = YES_AGGRESSIVE;
				GCC_WARN_UNUSED_FUNCTION = YES;
				GCC_WARN_UNUSED_VARIABLE = YES;
				MACOSX_DEPLOYMENT_TARGET = 14.0;
				MTL_ENABLE_DEBUG_INFO = INCLUDE_SOURCE;
				MTL_FAST_MATH = YES;
				ONLY_ACTIVE_ARCH = YES;
				PRODUCT_NAME = "$(TARGET_NAME)";
				SDKROOT = macosx;
				SWIFT_ACTIVE_COMPILATION_CONDITIONS = DEBUG;
				SWIFT_OPTIMIZATION_LEVEL = "-Onone";
				SWIFT_VERSION = 5.0;
			};
			name = Debug;
		};
/* End XCBuildConfiguration section */

/* Begin XCConfigurationList section */
		59EAC6E4096F44E85AD860DF /* Build configuration list for PBXNativeTarget "Barkeep" */ = {
			isa = XCConfigurationList;
			buildConfigurations = (
				7CA258E581C9BD4779363B30 /* Debug */,
				7AD58FBD12A31A7B75AE1165 /* Release */,
			);
			defaultConfigurationIsVisible = 0;
			defaultConfigurationName = Debug;
		};
		6D9C8E3CAD90B306B776B192 /* Build configuration list for PBXProject "Barkeep" */ = {
			isa = XCConfigurationList;
			buildConfigurations = (
				D921BF31F8DF249A5D273F42 /* Debug */,
				C2433AB6468F1F15A2323CE2 /* Release */,
			);
			defaultConfigurationIsVisible = 0;
			defaultConfigurationName = Debug;
		};
/* End XCConfigurationList section */
	};
	rootObject = D772057D33859D753E2151F6 /* Project object */;
}
